// !$*UTF8*$!
{
	archiveVersion = 1;
	classes = {
	};
	objectVersion = 50;
	objects = {

/* Begin PBXBuildFile section */
		DA3923BC24CDF3EF0030941B /* listrowbackground_differencesApp.swift in Sources */ = {isa = PBXBuildFile; fileRef = DA3923A924CDF3EE0030941B /* listrowbackground_differencesApp.swift */; };
		DA3923BD24CDF3EF0030941B /* listrowbackground_differencesApp.swift in Sources */ = {isa = PBXBuildFile; fileRef = DA3923A924CDF3EE0030941B /* listrowbackground_differencesApp.swift */; };
		DA3923C024CDF3EF0030941B /* Assets.xcassets in Resources */ = {isa = PBXBuildFile; fileRef = DA3923AB24CDF3EF0030941B /* Assets.xcassets */; };
		DA3923C124CDF3EF0030941B /* Assets.xcassets in Resources */ = {isa = PBXBuildFile; fileRef = DA3923AB24CDF3EF0030941B /* Assets.xcassets */; };
		DA526F9824CDF4D200E104AA /* ListIndividualRows.swift in Sources */ = {isa = PBXBuildFile; fileRef = DA526F9724CDF4D200E104AA /* ListIndividualRows.swift */; };
		DA526F9924CDF4D200E104AA /* ListIndividualRows.swift in Sources */ = {isa = PBXBuildFile; fileRef = DA526F9724CDF4D200E104AA /* ListIndividualRows.swift */; };
		DA526F9B24CDF56E00E104AA /* ListDataId.swift in Sources */ = {isa = PBXBuildFile; fileRef = DA526F9A24CDF56E00E104AA /* ListDataId.swift */; };
		DA526F9C24CDF56E00E104AA /* ListDataId.swift in Sources */ = {isa = PBXBuildFile; fileRef = DA526F9A24CDF56E00E104AA /* ListDataId.swift */; };
		DA526F9E24CDF62B00E104AA /* ListDataModel.swift in Sources */ = {isa = PBXBuildFile; fileRef = DA526F9D24CDF62B00E104AA /* ListDataModel.swift */; };
		DA526F9F24CDF62B00E104AA /* ListDataModel.swift in Sources */ = {isa = PBXBuildFile; fileRef = DA526F9D24CDF62B00E104AA /* ListDataModel.swift */; };
		DA526FA124CDF68200E104AA /* ListForEach.swift in Sources */ = {isa = PBXBuildFile; fileRef = DA526FA024CDF68200E104AA /* ListForEach.swift */; };
		DA526FA224CDF68200E104AA /* ListForEach.swift in Sources */ = {isa = PBXBuildFile; fileRef = DA526FA024CDF68200E104AA /* ListForEach.swift */; };
/* End PBXBuildFile section */

/* Begin PBXFileReference section */
		DA3923A924CDF3EE0030941B /* listrowbackground_differencesApp.swift */ = {isa = PBXFileReference; lastKnownFileType = sourcecode.swift; path = listrowbackground_differencesApp.swift; sourceTree = "<group>"; };
		DA3923AB24CDF3EF0030941B /* Assets.xcassets */ = {isa = PBXFileReference; lastKnownFileType = folder.assetcatalog; path = Assets.xcassets; sourceTree = "<group>"; };
		DA3923B024CDF3EF0030941B /* listrowbackground-differences.app */ = {isa = PBXFileReference; explicitFileType = wrapper.application; includeInIndex = 0; path = "listrowbackground-differences.app"; sourceTree = BUILT_PRODUCTS_DIR; };
		DA3923B324CDF3EF0030941B /* Info.plist */ = {isa = PBXFileReference; lastKnownFileType = text.plist.xml; path = Info.plist; sourceTree = "<group>"; };
		DA3923B824CDF3EF0030941B /* listrowbackground-differences.app */ = {isa = PBXFileReference; explicitFileType = wrapper.application; includeInIndex = 0; path = "listrowbackground-differences.app"; sourceTree = BUILT_PRODUCTS_DIR; };
		DA3923BA24CDF3EF0030941B /* Info.plist */ = {isa = PBXFileReference; lastKnownFileType = text.plist.xml; path = Info.plist; sourceTree = "<group>"; };
		DA3923BB24CDF3EF0030941B /* macOS.entitlements */ = {isa = PBXFileReference; lastKnownFileType = text.plist.entitlements; path = macOS.entitlements; sourceTree = "<group>"; };
		DA526F9724CDF4D200E104AA /* ListIndividualRows.swift */ = {isa = PBXFileReference; lastKnownFileType = sourcecode.swift; path = ListIndividualRows.swift; sourceTree = "<group>"; };
		DA526F9A24CDF56E00E104AA /* ListDataId.swift */ = {isa = PBXFileReference; lastKnownFileType = sourcecode.swift; path = ListDataId.swift; sourceTree = "<group>"; };
		DA526F9D24CDF62B00E104AA /* ListDataModel.swift */ = {isa = PBXFileReference; lastKnownFileType = sourcecode.swift; path = ListDataModel.swift; sourceTree = "<group>"; };
		DA526FA024CDF68200E104AA /* ListForEach.swift */ = {isa = PBXFileReference; lastKnownFileType = sourcecode.swift; path = ListForEach.swift; sourceTree = "<group>"; };
/* End PBXFileReference section */

/* Begin PBXFrameworksBuildPhase section */
		DA3923AD24CDF3EF0030941B /* Frameworks */ = {
			isa = PBXFrameworksBuildPhase;
			buildActionMask = 2147483647;
			files = (
			);
			runOnlyForDeploymentPostprocessing = 0;
		};
		DA3923B524CDF3EF0030941B /* Frameworks */ = {
			isa = PBXFrameworksBuildPhase;
			buildActionMask = 2147483647;
			files = (
			);
			runOnlyForDeploymentPostprocessing = 0;
		};
/* End PBXFrameworksBuildPhase section */

/* Begin PBXGroup section */
		DA3923A324CDF3EE0030941B = {
			isa = PBXGroup;
			children = (
				DA3923A824CDF3EE0030941B /* Shared */,
				DA3923B224CDF3EF0030941B /* iOS */,
				DA3923B924CDF3EF0030941B /* macOS */,
				DA3923B124CDF3EF0030941B /* Products */,
			);
			sourceTree = "<group>";
		};
		DA3923A824CDF3EE0030941B /* Shared */ = {
			isa = PBXGroup;
			children = (
				DA3923A924CDF3EE0030941B /* listrowbackground_differencesApp.swift */,
				DA526F9724CDF4D200E104AA /* ListIndividualRows.swift */,
				DA3923AB24CDF3EF0030941B /* Assets.xcassets */,
				DA526F9A24CDF56E00E104AA /* ListDataId.swift */,
				DA526F9D24CDF62B00E104AA /* ListDataModel.swift */,
				DA526FA024CDF68200E104AA /* ListForEach.swift */,
			);
			path = Shared;
			sourceTree = "<group>";
		};
		DA3923B124CDF3EF0030941B /* Products */ = {
			isa = PBXGroup;
			children = (
				DA3923B024CDF3EF0030941B /* listrowbackground-differences.app */,
				DA3923B824CDF3EF0030941B /* listrowbackground-differences.app */,
			);
			name = Products;
			sourceTree = "<group>";
		};
		DA3923B224CDF3EF0030941B /* iOS */ = {
			isa = PBXGroup;
			children = (
				DA3923B324CDF3EF0030941B /* Info.plist */,
			);
			path = iOS;
			sourceTree = "<group>";
		};
		DA3923B924CDF3EF0030941B /* macOS */ = {
			isa = PBXGroup;
			children = (
				DA3923BA24CDF3EF0030941B /* Info.plist */,
				DA3923BB24CDF3EF0030941B /* macOS.entitlements */,
			);
			path = macOS;
			sourceTree = "<group>";
		};
/* End PBXGroup section */

/* Begin PBXNativeTarget section */
		DA3923AF24CDF3EF0030941B /* listrowbackground-differences (iOS) */ = {
			isa = PBXNativeTarget;
			buildConfigurationList = DA3923C424CDF3EF0030941B /* Build configuration list for PBXNativeTarget "listrowbackground-differences (iOS)" */;
			buildPhases = (
				DA3923AC24CDF3EF0030941B /* Sources */,
				DA3923AD24CDF3EF0030941B /* Frameworks */,
				DA3923AE24CDF3EF0030941B /* Resources */,
			);
			buildRules = (
			);
			dependencies = (
			);
			name = "listrowbackground-differences (iOS)";
			productName = "listrowbackground-differences (iOS)";
			productReference = DA3923B024CDF3EF0030941B /* listrowbackground-differences.app */;
			productType = "com.apple.product-type.application";
		};
		DA3923B724CDF3EF0030941B /* listrowbackground-differences (macOS) */ = {
			isa = PBXNativeTarget;
			buildConfigurationList = DA3923C724CDF3EF0030941B /* Build configuration list for PBXNativeTarget "listrowbackground-differences (macOS)" */;
			buildPhases = (
				DA3923B424CDF3EF0030941B /* Sources */,
				DA3923B524CDF3EF0030941B /* Frameworks */,
				DA3923B624CDF3EF0030941B /* Resources */,
			);
			buildRules = (
			);
			dependencies = (
			);
			name = "listrowbackground-differences (macOS)";
			productName = "listrowbackground-differences (macOS)";
			productReference = DA3923B824CDF3EF0030941B /* listrowbackground-differences.app */;
			productType = "com.apple.product-type.application";
		};
/* End PBXNativeTarget section */

/* Begin PBXProject section */
		DA3923A424CDF3EE0030941B /* Project object */ = {
			isa = PBXProject;
			attributes = {
				LastSwiftUpdateCheck = 1200;
				LastUpgradeCheck = 1200;
				TargetAttributes = {
					DA3923AF24CDF3EF0030941B = {
						CreatedOnToolsVersion = 12.0;
					};
					DA3923B724CDF3EF0030941B = {
						CreatedOnToolsVersion = 12.0;
					};
				};
			};
			buildConfigurationList = DA3923A724CDF3EE0030941B /* Build configuration list for PBXProject "listrowbackground-differences" */;
			compatibilityVersion = "Xcode 9.3";
			developmentRegion = en;
			hasScannedForEncodings = 0;
			knownRegions = (
				en,
				Base,
			);
			mainGroup = DA3923A324CDF3EE0030941B;
			productRefGroup = DA3923B124CDF3EF0030941B /* Products */;
			projectDirPath = "";
			projectRoot = "";
			targets = (
				DA3923AF24CDF3EF0030941B /* listrowbackground-differences (iOS) */,
				DA3923B724CDF3EF0030941B /* listrowbackground-differences (macOS) */,
			);
		};
/* End PBXProject section */

/* Begin PBXResourcesBuildPhase section */
		DA3923AE24CDF3EF0030941B /* Resources */ = {
			isa = PBXResourcesBuildPhase;
			buildActionMask = 2147483647;
			files = (
				DA3923C024CDF3EF0030941B /* Assets.xcassets in Resources */,
			);
			runOnlyForDeploymentPostprocessing = 0;
		};
		DA3923B624CDF3EF0030941B /* Resources */ = {
			isa = PBXResourcesBuildPhase;
			buildActionMask = 2147483647;
			files = (
				DA3923C124CDF3EF0030941B /* Assets.xcassets in Resources */,
			);
			runOnlyForDeploymentPostprocessing = 0;
		};
/* End PBXResourcesBuildPhase section */

/* Begin PBXSourcesBuildPhase section */
		DA3923AC24CDF3EF0030941B /* Sources */ = {
			isa = PBXSourcesBuildPhase;
			buildActionMask = 2147483647;
			files = (
				DA526F9824CDF4D200E104AA /* ListIndividualRows.swift in Sources */,
				DA526FA124CDF68200E104AA /* ListForEach.swift in Sources */,
				DA526F9B24CDF56E00E104AA /* ListDataId.swift in Sources */,
				DA3923BC24CDF3EF0030941B /* listrowbackground_differencesApp.swift in Sources */,
				DA526F9E24CDF62B00E104AA /* ListDataModel.swift in Sources */,
			);
			runOnlyForDeploymentPostprocessing = 0;
		};
		DA3923B424CDF3EF0030941B /* Sources */ = {
			isa = PBXSourcesBuildPhase;
			buildActionMask = 2147483647;
			files = (
				DA526F9924CDF4D200E104AA /* ListIndividualRows.swift in Sources */,
				DA526FA224CDF68200E104AA /* ListForEach.swift in Sources */,
				DA526F9C24CDF56E00E104AA /* ListDataId.swift in Sources */,
				DA3923BD24CDF3EF0030941B /* listrowbackground_differencesApp.swift in Sources */,
				DA526F9F24CDF62B00E104AA /* ListDataModel.swift in Sources */,
			);
			runOnlyForDeploymentPostprocessing = 0;
		};
/* End PBXSourcesBuildPhase section */

/* Begin XCBuildConfiguration section */
		DA3923C224CDF3EF0030941B /* Debug */ = {
			isa = XCBuildConfiguration;
			buildSettings = {
				ALWAYS_SEARCH_USER_PATHS = NO;
				CLANG_ANALYZER_NONNULL = YES;
				CLANG_ANALYZER_NUMBER_OBJECT_CONVERSION = YES_AGGRESSIVE;
				CLANG_CXX_LANGUAGE_STANDARD = "gnu++14";
				CLANG_CXX_LIBRARY = "libc++";
				CLANG_ENABLE_MODULES = YES;
				CLANG_ENABLE_OBJC_ARC = YES;
				CLANG_ENABLE_OBJC_WEAK = YES;
				CLANG_WARN_BLOCK_CAPTURE_AUTORELEASING = YES;
				CLANG_WARN_BOOL_CONVERSION = YES;
				CLANG_WARN_COMMA = YES;
				CLANG_WARN_CONSTANT_CONVERSION = YES;
				CLANG_WARN_DEPRECATED_OBJC_IMPLEMENTATIONS = YES;
				CLANG_WARN_DIRECT_OBJC_ISA_USAGE = YES_ERROR;
				CLANG_WARN_DOCUMENTATION_COMMENTS = YES;
				CLANG_WARN_EMPTY_BODY = YES;
				CLANG_WARN_ENUM_CONVERSION = YES;
				CLANG_WARN_INFINITE_RECURSION = YES;
				CLANG_WARN_INT_CONVERSION = YES;
				CLANG_WARN_NON_LITERAL_NULL_CONVERSION = YES;
				CLANG_WARN_OBJC_IMPLICIT_RETAIN_SELF = YES;
				CLANG_WARN_OBJC_LITERAL_CONVERSION = YES;
				CLANG_WARN_OBJC_ROOT_CLASS = YES_ERROR;
				CLANG_WARN_QUOTED_INCLUDE_IN_FRAMEWORK_HEADER = YES;
				CLANG_WARN_RANGE_LOOP_ANALYSIS = YES;
				CLANG_WARN_STRICT_PROTOTYPES = YES;
				CLANG_WARN_SUSPICIOUS_MOVE = YES;
				CLANG_WARN_UNGUARDED_AVAILABILITY = YES_AGGRESSIVE;
				CLANG_WARN_UNREACHABLE_CODE = YES;
				CLANG_WARN__DUPLICATE_METHOD_MATCH = YES;
				COPY_PHASE_STRIP = NO;
				DEBUG_INFORMATION_FORMAT = dwarf;
				ENABLE_STRICT_OBJC_MSGSEND = YES;
				ENABLE_TESTABILITY = YES;
				GCC_C_LANGUAGE_STANDARD = gnu11;
				GCC_DYNAMIC_NO_PIC = NO;
				GCC_NO_COMMON_BLOCKS = YES;
				GCC_OPTIMIZATION_LEVEL = 0;
				GCC_PREPROCESSOR_DEFINITIONS = (
					"DEBUG=1",
					"$(inherited)",
				);
				GCC_WARN_64_TO_32_BIT_CONVERSION = YES;
				GCC_WARN_ABOUT_RETURN_TYPE = YES_ERROR;
				GCC_WARN_UNDECLARED_SELECTOR = YES;
				GCC_WARN_UNINITIALIZED_AUTOS = YES_AGGRESSIVE;
				GCC_WARN_UNUSED_FUNCTION = YES;
				GCC_WARN_UNUSED_VARIABLE = YES;
				MTL_ENABLE_DEBUG_INFO = INCLUDE_SOURCE;
				MTL_FAST_MATH = YES;
				ONLY_ACTIVE_ARCH = YES;
				SWIFT_ACTIVE_COMPILATION_CONDITIONS = DEBUG;
				SWIFT_OPTIMIZATION_LEVEL = "-Onone";
			};
			name = Debug;
		};
		DA3923C324CDF3EF0030941B /* Release */ = {
			isa = XCBuildConfiguration;
			buildSettings = {
				ALWAYS_SEARCH_USER_PATHS = NO;
				CLANG_ANALYZER_NONNULL = YES;
				CLANG_ANALYZER_NUMBER_OBJECT_CONVERSION = YES_AGGRESSIVE;
				CLANG_CXX_LANGUAGE_STANDARD = "gnu++14";
				CLANG_CXX_LIBRARY = "libc++";
				CLANG_ENABLE_MODULES = YES;
				CLANG_ENABLE_OBJC_ARC = YES;
				CLANG_ENABLE_OBJC_WEAK = YES;
				CLANG_WARN_BLOCK_CAPTURE_AUTORELEASING = YES;
				CLANG_WARN_BOOL_CONVERSION = YES;
				CLANG_WARN_COMMA = YES;
				CLANG_WARN_CONSTANT_CONVERSION = YES;
				CLANG_WARN_DEPRECATED_OBJC_IMPLEMENTATIONS = YES;
				CLANG_WARN_DIRECT_OBJC_ISA_USAGE = YES_ERROR;
				CLANG_WARN_DOCUMENTATION_COMMENTS = YES;
				CLANG_WARN_EMPTY_BODY = YES;
				CLANG_WARN_ENUM_CONVERSION = YES;
				CLANG_WARN_INFINITE_RECURSION = YES;
				CLANG_WARN_INT_CONVERSION = YES;
				CLANG_WARN_NON_LITERAL_NULL_CONVERSION = YES;
				CLANG_WARN_OBJC_IMPLICIT_RETAIN_SELF = YES;
				CLANG_WARN_OBJC_LITERAL_CONVERSION = YES;
				CLANG_WARN_OBJC_ROOT_CLASS = YES_ERROR;
				CLANG_WARN_QUOTED_INCLUDE_IN_FRAMEWORK_HEADER = YES;
				CLANG_WARN_RANGE_LOOP_ANALYSIS = YES;
				CLANG_WARN_STRICT_PROTOTYPES = YES;
				CLANG_WARN_SUSPICIOUS_MOVE = YES;
				CLANG_WARN_UNGUARDED_AVAILABILITY = YES_AGGRESSIVE;
				CLANG_WARN_UNREACHABLE_CODE = YES;
				CLANG_WARN__DUPLICATE_METHOD_MATCH = YES;
				COPY_PHASE_STRIP = NO;
				DEBUG_INFORMATION_FORMAT = "dwarf-with-dsym";
				ENABLE_NS_ASSERTIONS = NO;
				ENABLE_STRICT_OBJC_MSGSEND = YES;
				GCC_C_LANGUAGE_STANDARD = gnu11;
				GCC_NO_COMMON_BLOCKS = YES;
				GCC_WARN_64_TO_32_BIT_CONVERSION = YES;
				GCC_WARN_ABOUT_RETURN_TYPE = YES_ERROR;
				GCC_WARN_UNDECLARED_SELECTOR = YES;
				GCC_WARN_UNINITIALIZED_AUTOS = YES_AGGRESSIVE;
				GCC_WARN_UNUSED_FUNCTION = YES;
				GCC_WARN_UNUSED_VARIABLE = YES;
				MTL_ENABLE_DEBUG_INFO = NO;
				MTL_FAST_MATH = YES;
				SWIFT_COMPILATION_MODE = wholemodule;
				SWIFT_OPTIMIZATION_LEVEL = "-O";
			};
			name = Release;
		};
		DA3923C524CDF3EF0030941B /* Debug */ = {
			isa = XCBuildConfiguration;
			buildSettings = {
				ASSETCATALOG_COMPILER_APPICON_NAME = AppIcon;
				ASSETCATALOG_COMPILER_GLOBAL_ACCENT_COLOR_NAME = AccentColor;
				CODE_SIGN_STYLE = Automatic;
				DEVELOPMENT_TEAM = BDKG93339Q;
				ENABLE_PREVIEWS = YES;
				INFOPLIST_FILE = iOS/Info.plist;
				IPHONEOS_DEPLOYMENT_TARGET = 14.0;
				LD_RUNPATH_SEARCH_PATHS = (
					"$(inherited)",
					"@executable_path/Frameworks",
				);
				PRODUCT_BUNDLE_IDENTIFIER = "com.amonshiz.listrowbackground-differences";
				PRODUCT_NAME = "listrowbackground-differences";
				SDKROOT = iphoneos;
				SWIFT_VERSION = 5.0;
				TARGETED_DEVICE_FAMILY = "1,2";
			};
			name = Debug;
		};
		DA3923C624CDF3EF0030941B /* Release */ = {
			isa = XCBuildConfiguration;
			buildSettings = {
				ASSETCATALOG_COMPILER_APPICON_NAME = AppIcon;
				ASSETCATALOG_COMPILER_GLOBAL_ACCENT_COLOR_NAME = AccentColor;
				CODE_SIGN_STYLE = Automatic;
				DEVELOPMENT_TEAM = BDKG93339Q;
				ENABLE_PREVIEWS = YES;
				INFOPLIST_FILE = iOS/Info.plist;
				IPHONEOS_DEPLOYMENT_TARGET = 14.0;
				LD_RUNPATH_SEARCH_PATHS = (
					"$(inherited)",
					"@executable_path/Frameworks",
				);
				PRODUCT_BUNDLE_IDENTIFIER = "com.amonshiz.listrowbackground-differences";
				PRODUCT_NAME = "listrowbackground-differences";
				SDKROOT = iphoneos;
				SWIFT_VERSION = 5.0;
				TARGETED_DEVICE_FAMILY = "1,2";
				VALIDATE_PRODUCT = YES;
			};
			name = Release;
		};
		DA3923C824CDF3EF0030941B /* Debug */ = {
			isa = XCBuildConfiguration;
			buildSettings = {
				ASSETCATALOG_COMPILER_APPICON_NAME = AppIcon;
				ASSETCATALOG_COMPILER_GLOBAL_ACCENT_COLOR_NAME = AccentColor;
				CODE_SIGN_ENTITLEMENTS = macOS/macOS.entitlements;
				CODE_SIGN_STYLE = Automatic;
				COMBINE_HIDPI_IMAGES = YES;
				DEVELOPMENT_TEAM = BDKG93339Q;
				ENABLE_HARDENED_RUNTIME = YES;
				ENABLE_PREVIEWS = YES;
				INFOPLIST_FILE = macOS/Info.plist;
				LD_RUNPATH_SEARCH_PATHS = (
					"$(inherited)",
					"@executable_path/../Frameworks",
				);
				MACOSX_DEPLOYMENT_TARGET = 11.0;
				PRODUCT_BUNDLE_IDENTIFIER = "com.amonshiz.listrowbackground-differences";
				PRODUCT_NAME = "listrowbackground-differences";
				SDKROOT = macosx;
				SWIFT_VERSION = 5.0;
			};
			name = Debug;
		};
		DA3923C924CDF3EF0030941B /* Release */ = {
			isa = XCBuildConfiguration;
			buildSettings = {
				ASSETCATALOG_COMPILER_APPICON_NAME = AppIcon;
				ASSETCATALOG_COMPILER_GLOBAL_ACCENT_COLOR_NAME = AccentColor;
				CODE_SIGN_ENTITLEMENTS = macOS/macOS.entitlements;
				CODE_SIGN_STYLE = Automatic;
				COMBINE_HIDPI_IMAGES = YES;
				DEVELOPMENT_TEAM = BDKG93339Q;
				ENABLE_HARDENED_RUNTIME = YES;
				ENABLE_PREVIEWS = YES;
				INFOPLIST_FILE = macOS/Info.plist;
				LD_RUNPATH_SEARCH_PATHS = (
					"$(inherited)",
					"@executable_path/../Frameworks",
				);
				MACOSX_DEPLOYMENT_TARGET = 11.0;
				PRODUCT_BUNDLE_IDENTIFIER = "com.amonshiz.listrowbackground-differences";
				PRODUCT_NAME = "listrowbackground-differences";
				SDKROOT = macosx;
				SWIFT_VERSION = 5.0;
			};
			name = Release;
		};
/* End XCBuildConfiguration section */

/* Begin XCConfigurationList section */
		DA3923A724CDF3EE0030941B /* Build configuration list for PBXProject "listrowbackground-differences" */ = {
			isa = XCConfigurationList;
			buildConfigurations = (
				DA3923C224CDF3EF0030941B /* Debug */,
				DA3923C324CDF3EF0030941B /* Release */,
			);
			defaultConfigurationIsVisible = 0;
			defaultConfigurationName = Release;
		};
		DA3923C424CDF3EF0030941B /* Build configuration list for PBXNativeTarget "listrowbackground-differences (iOS)" */ = {
			isa = XCConfigurationList;
			buildConfigurations = (
				DA3923C524CDF3EF0030941B /* Debug */,
				DA3923C624CDF3EF0030941B /* Release */,
			);
			defaultConfigurationIsVisible = 0;
			defaultConfigurationName = Release;
		};
		DA3923C724CDF3EF0030941B /* Build configuration list for PBXNativeTarget "listrowbackground-differences (macOS)" */ = {
			isa = XCConfigurationList;
			buildConfigurations = (
				DA3923C824CDF3EF0030941B /* Debug */,
				DA3923C924CDF3EF0030941B /* Release */,
			);
			defaultConfigurationIsVisible = 0;
			defaultConfigurationName = Release;
		};
/* End XCConfigurationList section */
	};
	rootObject = DA3923A424CDF3EE0030941B /* Project object */;
}
